Microsoft Visual Studio Solution File, Format Version 12.00
# Visual Studio Version 17
VisualStudioVersion = 17.5.2.0
MinimumVisualStudioVersion = 10.0.40219.1
Project("{FAE04EC0-301F-11D3-BF4B-00C04F79EFBC}") = "CloudNativeCanary", "CloudNativeCanary.csproj", "{24DBD001-BE1D-9C1F-0217-40E888F33255}"
EndProject
Global
	GlobalSection(SolutionConfigurationPlatforms) = preSolution
		Debug|Any CPU = Debug|Any CPU
		Release|Any CPU = Release|Any CPU
	EndGlobalSection
	GlobalSection(ProjectConfigurationPlatforms) = postSolution
		{24DBD001-BE1D-9C1F-0217-40E888F33255}.Debug|Any CPU.ActiveCfg = Debug|Any CPU
		{24DBD001-BE1D-9C1F-0217-40E888F33255}.Debug|Any CPU.Build.0 = Debug|Any CPU
		{24DBD001-BE1D-9C1F-0217-40E888F33255}.Release|Any CPU.ActiveCfg = Release|Any CPU
		{24DBD001-BE1D-9C1F-0217-40E888F33255}.Release|Any CPU.Build.0 = Release|Any CPU
	EndGlobalSection
	GlobalSection(SolutionProperties) = preSolution
		HideSolutionNode = FALSE
	EndGlobalSection
	GlobalSection(ExtensibilityGlobals) = postSolution
		SolutionGuid = {CD8B6DBD-1DF7-4138-B039-D367CCFC11AE}
	EndGlobalSection
EndGlobal
